
Microsoft Visual Studio Solution File, Format Version 12.00
# Visual Studio 14
VisualStudioVersion = 14.0.25420.1
MinimumVisualStudioVersion = 10.0.40219.1
Project("{FAE04EC0-301F-11D3-BF4B-00C04F79EFBC}") = "Rough_csharp_proj", "Rough_csharp_proj\Rough_csharp_proj.csproj", "{534D3632-2057-4414-B22A-5645D0D8C5C1}"
EndProject
Project("{FAE04EC0-301F-11D3-BF4B-00C04F79EFBC}") = "CountNegative", "CountNegative\CountNegative.csproj", "{44F3B1CD-75F6-43BF-B531-B02258AC481C}"
EndProject
Project("{FAE04EC0-301F-11D3-BF4B-00C04F79EFBC}") = "ImmediateGreater", "ImmediateGreater\ImmediateGreater.csproj", "{C031C424-01EC-472C-8CC3-48C860F683E4}"
EndProject
Global
	GlobalSection(SolutionConfigurationPlatforms) = preSolution
		Debug|Any CPU = Debug|Any CPU
		Release|Any CPU = Release|Any CPU
	EndGlobalSection
	GlobalSection(ProjectConfigurationPlatforms) = postSolution
		{534D3632-2057-4414-B22A-5645D0D8C5C1}.Debug|Any CPU.ActiveCfg = Debug|Any CPU
		{534D3632-2057-4414-B22A-5645D0D8C5C1}.Debug|Any CPU.Build.0 = Debug|Any CPU
		{534D3632-2057-4414-B22A-5645D0D8C5C1}.Release|Any CPU.ActiveCfg = Release|Any CPU
		{534D3632-2057-4414-B22A-5645D0D8C5C1}.Release|Any CPU.Build.0 = Release|Any CPU
		{44F3B1CD-75F6-43BF-B531-B02258AC481C}.Debug|Any CPU.ActiveCfg = Debug|Any CPU
		{44F3B1CD-75F6-43BF-B531-B02258AC481C}.Debug|Any CPU.Build.0 = Debug|Any CPU
		{44F3B1CD-75F6-43BF-B531-B02258AC481C}.Release|Any CPU.ActiveCfg = Release|Any CPU
		{44F3B1CD-75F6-43BF-B531-B02258AC481C}.Release|Any CPU.Build.0 = Release|Any CPU
		{C031C424-01EC-472C-8CC3-48C860F683E4}.Debug|Any CPU.ActiveCfg = Debug|Any CPU
		{C031C424-01EC-472C-8CC3-48C860F683E4}.Debug|Any CPU.Build.0 = Debug|Any CPU
		{C031C424-01EC-472C-8CC3-48C860F683E4}.Release|Any CPU.ActiveCfg = Release|Any CPU
		{C031C424-01EC-472C-8CC3-48C860F683E4}.Release|Any CPU.Build.0 = Release|Any CPU
	EndGlobalSection
	GlobalSection(SolutionProperties) = preSolution
		HideSolutionNode = FALSE
	EndGlobalSection
EndGlobal
